
Microsoft Visual Studio Solution File, Format Version 12.00
# Visual Studio Version 17
VisualStudioVersion = 17.6.33829.357
MinimumVisualStudioVersion = 10.0.40219.1
Project("{9A19103F-16F7-4668-BE54-9A1E7A4F7556}") = "WebService_Notification", "WebService_Notification\WebService_Notification.csproj", "{CE68EEE2-3802-4EE0-B259-AB9E57623877}"
EndProject
Project("{FAE04EC0-301F-11D3-BF4B-00C04F79EFBC}") = "WebHook_Notifications", "WebHook_Notifications\WebHook_Notifications.csproj", "{E4A0EF87-937E-42A1-BB04-2C84E9D1111C}"
EndProject
Global
	GlobalSection(SolutionConfigurationPlatforms) = preSolution
		Debug|Any CPU = Debug|Any CPU
		Release|Any CPU = Release|Any CPU
	EndGlobalSection
	GlobalSection(ProjectConfigurationPlatforms) = postSolution
		{CE68EEE2-3802-4EE0-B259-AB9E57623877}.Debug|Any CPU.ActiveCfg = Debug|Any CPU
		{CE68EEE2-3802-4EE0-B259-AB9E57623877}.Debug|Any CPU.Build.0 = Debug|Any CPU
		{CE68EEE2-3802-4EE0-B259-AB9E57623877}.Release|Any CPU.ActiveCfg = Release|Any CPU
		{CE68EEE2-3802-4EE0-B259-AB9E57623877}.Release|Any CPU.Build.0 = Release|Any CPU
		{E4A0EF87-937E-42A1-BB04-2C84E9D1111C}.Debug|Any CPU.ActiveCfg = Debug|Any CPU
		{E4A0EF87-937E-42A1-BB04-2C84E9D1111C}.Debug|Any CPU.Build.0 = Debug|Any CPU
		{E4A0EF87-937E-42A1-BB04-2C84E9D1111C}.Release|Any CPU.ActiveCfg = Release|Any CPU
		{E4A0EF87-937E-42A1-BB04-2C84E9D1111C}.Release|Any CPU.Build.0 = Release|Any CPU
	EndGlobalSection
	GlobalSection(SolutionProperties) = preSolution
		HideSolutionNode = FALSE
	EndGlobalSection
	GlobalSection(ExtensibilityGlobals) = postSolution
		SolutionGuid = {AF4D79CD-B7DD-47A6-81EC-48BFAAA12115}
	EndGlobalSection
EndGlobal
